
Microsoft Visual Studio Solution File, Format Version 12.00
# Visual Studio Version 17
VisualStudioVersion = 17.5.33627.172
MinimumVisualStudioVersion = 10.0.40219.1
Project("{2150E333-8FDC-42A3-9474-1A3956D46DE8}") = "FRONT", "FRONT", "{9BD97A2C-C82E-4BBB-8BF5-E82C5821EDD7}"
EndProject
Project("{2150E333-8FDC-42A3-9474-1A3956D46DE8}") = "MENU", "MENU", "{1BB944C9-68E3-4F02-BDC0-5A4C7571308D}"
EndProject
Project("{9A19103F-16F7-4668-BE54-9A1E7A4F7556}") = "BlazorClientHelper", "Menu\BlazorClientHelper\BlazorClientHelper.csproj", "{2FD89E72-7B96-44D2-934F-8F0BF5B2E96E}"
EndProject
Project("{778DAE3C-4631-46EA-AA77-85C1314464D9}") = "BlazorMenuCommon", "Menu\BlazorMenuCommon\BlazorMenuCommon.vbproj", "{E734D409-DAF4-4EFA-90E2-AFF28E814C26}"
EndProject
Project("{2150E333-8FDC-42A3-9474-1A3956D46DE8}") = "GSM06500", "GSM06500", "{904995DD-2CB2-4E1C-A07F-6CF45143360F}"
EndProject
Project("{9A19103F-16F7-4668-BE54-9A1E7A4F7556}") = "GSM06500Common", "COMMON\GS\GSM06500Common\GSM06500Common.csproj", "{7163CC8F-965D-469B-AE49-151395AA5A97}"
EndProject
Project("{9A19103F-16F7-4668-BE54-9A1E7A4F7556}") = "GSM06500Model", "FRONT\GSM06500Model\GSM06500Model.csproj", "{21180674-E6FD-4644-8EC3-E3AAAAFD412D}"
EndProject
Project("{9A19103F-16F7-4668-BE54-9A1E7A4F7556}") = "GSM06500Front", "FRONT\GSM06500Front\GSM06500Front.csproj", "{648FCEFD-873D-46B3-B975-38FC6A18E1BB}"
EndProject
Project("{2150E333-8FDC-42A3-9474-1A3956D46DE8}") = "GSM04500", "GSM04500", "{A24DBD3E-0A62-44D8-9074-687C8DA51809}"
EndProject
Project("{9A19103F-16F7-4668-BE54-9A1E7A4F7556}") = "GSM04500Common", "COMMON\GS\GSM04500\GSM04500Common.csproj", "{EEA58F16-E172-48C5-8CEE-C012CC958B30}"
EndProject
Project("{9A19103F-16F7-4668-BE54-9A1E7A4F7556}") = "GSM04500Front", "FRONT\GSM04500Front\GSM04500Front\GSM04500Front.csproj", "{480138A1-9A65-44E2-9D1D-2282692496D3}"
EndProject
Project("{2150E333-8FDC-42A3-9474-1A3956D46DE8}") = "VLOOKUP", "VLOOKUP", "{942950A7-BE00-4F7B-9FD7-26C4F9E8DBA5}"
EndProject
Project("{2150E333-8FDC-42A3-9474-1A3956D46DE8}") = "COMMON", "COMMON", "{9429A92D-049E-44BF-A91C-329F6E16B0F6}"
EndProject
Project("{2150E333-8FDC-42A3-9474-1A3956D46DE8}") = "VLOOKUP", "VLOOKUP", "{92880144-93A9-42A9-9185-93A34EC50920}"
EndProject
Project("{9A19103F-16F7-4668-BE54-9A1E7A4F7556}") = "Lookup_GSFRONT", "..\..\BS Shared Form\SOURCE\FRONT\Lookup_GSFRONT\Lookup_GSFRONT.csproj", "{1873F8B4-09AB-448F-81DF-CED559AA06C7}"
EndProject
Project("{9A19103F-16F7-4668-BE54-9A1E7A4F7556}") = "Lookup_GSFrontResources", "..\..\BS Shared Form\SOURCE\FRONT\Lookup_GSFrontResources\Lookup_GSFrontResources.csproj", "{69253435-87F2-45CA-B62C-B49F63BD7F90}"
EndProject
Project("{2150E333-8FDC-42A3-9474-1A3956D46DE8}") = "GSM04500", "GSM04500", "{8F1543B1-3B64-41CB-832E-B1B806E2F08B}"
EndProject
Project("{2150E333-8FDC-42A3-9474-1A3956D46DE8}") = "GSM06500", "GSM06500", "{DE3E6345-7953-4405-859B-C295CD2F125E}"
EndProject
Project("{9A19103F-16F7-4668-BE54-9A1E7A4F7556}") = "Lookup_GSCOMMON", "..\..\BS Shared Form\SOURCE\BACK\Lookup_GSCOMMON\Lookup_GSCOMMON.csproj", "{DAD81BB2-97FB-4ED3-A414-33699CE3DA8A}"
EndProject
Project("{9A19103F-16F7-4668-BE54-9A1E7A4F7556}") = "GSM04501Model", "FRONT\GSM04500Model\GSM04501Model\GSM04501Model.csproj", "{727E5BCD-F05B-48CD-AEBD-7CEBC591E438}"
EndProject
Project("{2150E333-8FDC-42A3-9474-1A3956D46DE8}") = "GSM04501Service", "GSM04501Service", "{EC2BB70A-964E-4C1A-A2AF-E338978F2231}"
EndProject
Project("{2150E333-8FDC-42A3-9474-1A3956D46DE8}") = "GSM04500Service", "GSM04500Service", "{BB3F62D4-55F4-4D74-85D5-970FC868B325}"
EndProject
Project("{9A19103F-16F7-4668-BE54-9A1E7A4F7556}") = "GSM04500Model", "FRONT\GSM04500Model\GSM04500Model\GSM04500Model.csproj", "{1720393A-DA1B-4FBE-A1AB-1B4F919C5DF2}"
EndProject
Project("{9A19103F-16F7-4668-BE54-9A1E7A4F7556}") = "Lookup_GSModel", "..\..\BS Shared Form\SOURCE\FRONT\Lookup_GSModel\Lookup_GSModel.csproj", "{3C97FC43-4BCF-4526-AE06-3E8BAAFE32A8}"
EndProject
Project("{9A19103F-16F7-4668-BE54-9A1E7A4F7556}") = "BlazorMenu", "..\..\SYSTEM\SOURCE\Menu\BlazorMenu\BlazorMenu.csproj", "{B04D6528-769E-4740-8326-B6F6DA4B1755}"
EndProject
Project("{2150E333-8FDC-42A3-9474-1A3956D46DE8}") = "LM", "LM", "{9DF492E6-4A77-4DE6-99B4-4E01DBE49F9D}"
EndProject
Project("{2150E333-8FDC-42A3-9474-1A3956D46DE8}") = "LMM06000", "LMM06000", "{ED5C119A-64D4-4BD8-9183-63C270B944D4}"
EndProject
Project("{FAE04EC0-301F-11D3-BF4B-00C04F79EFBC}") = "LMM06000Model", "FRONT\LMM06000Model\LMM06000Model.csproj", "{688B5052-6DB4-4E6D-9D8C-621D4C4675DF}"
EndProject
Project("{9A19103F-16F7-4668-BE54-9A1E7A4F7556}") = "LMM06000Common", "COMMON\LM\LMM06000Common\LMM06000Common.csproj", "{AB46FCA3-4D2F-47A3-94D0-6969A8858435}"
EndProject
Project("{2150E333-8FDC-42A3-9474-1A3956D46DE8}") = "LM", "LM", "{A57CAEA2-0E8A-47B5-B356-DF681CA553F3}"
EndProject
Project("{2150E333-8FDC-42A3-9474-1A3956D46DE8}") = "LMM06000", "LMM06000", "{BE4674EF-7690-4645-A5BF-A0615508C0ED}"
EndProject
Project("{FAE04EC0-301F-11D3-BF4B-00C04F79EFBC}") = "LMM06000Front", "FRONT\LMM06000Front\LMM06000Front.csproj", "{B988B54F-A297-4CFF-B57F-FD34A8DA4DFE}"
EndProject
Global
	GlobalSection(SolutionConfigurationPlatforms) = preSolution
		Debug|Any CPU = Debug|Any CPU
		Release|Any CPU = Release|Any CPU
	EndGlobalSection
	GlobalSection(ProjectConfigurationPlatforms) = postSolution
		{2FD89E72-7B96-44D2-934F-8F0BF5B2E96E}.Debug|Any CPU.ActiveCfg = Debug|Any CPU
		{2FD89E72-7B96-44D2-934F-8F0BF5B2E96E}.Debug|Any CPU.Build.0 = Debug|Any CPU
		{2FD89E72-7B96-44D2-934F-8F0BF5B2E96E}.Release|Any CPU.ActiveCfg = Release|Any CPU
		{2FD89E72-7B96-44D2-934F-8F0BF5B2E96E}.Release|Any CPU.Build.0 = Release|Any CPU
		{E734D409-DAF4-4EFA-90E2-AFF28E814C26}.Debug|Any CPU.ActiveCfg = Debug|Any CPU
		{E734D409-DAF4-4EFA-90E2-AFF28E814C26}.Debug|Any CPU.Build.0 = Debug|Any CPU
		{E734D409-DAF4-4EFA-90E2-AFF28E814C26}.Release|Any CPU.ActiveCfg = Release|Any CPU
		{E734D409-DAF4-4EFA-90E2-AFF28E814C26}.Release|Any CPU.Build.0 = Release|Any CPU
		{7163CC8F-965D-469B-AE49-151395AA5A97}.Debug|Any CPU.ActiveCfg = Debug|Any CPU
		{7163CC8F-965D-469B-AE49-151395AA5A97}.Debug|Any CPU.Build.0 = Debug|Any CPU
		{7163CC8F-965D-469B-AE49-151395AA5A97}.Release|Any CPU.ActiveCfg = Release|Any CPU
		{7163CC8F-965D-469B-AE49-151395AA5A97}.Release|Any CPU.Build.0 = Release|Any CPU
		{21180674-E6FD-4644-8EC3-E3AAAAFD412D}.Debug|Any CPU.ActiveCfg = Debug|Any CPU
		{21180674-E6FD-4644-8EC3-E3AAAAFD412D}.Debug|Any CPU.Build.0 = Debug|Any CPU
		{21180674-E6FD-4644-8EC3-E3AAAAFD412D}.Release|Any CPU.ActiveCfg = Release|Any CPU
		{21180674-E6FD-4644-8EC3-E3AAAAFD412D}.Release|Any CPU.Build.0 = Release|Any CPU
		{648FCEFD-873D-46B3-B975-38FC6A18E1BB}.Debug|Any CPU.ActiveCfg = Debug|Any CPU
		{648FCEFD-873D-46B3-B975-38FC6A18E1BB}.Debug|Any CPU.Build.0 = Debug|Any CPU
		{648FCEFD-873D-46B3-B975-38FC6A18E1BB}.Release|Any CPU.ActiveCfg = Release|Any CPU
		{648FCEFD-873D-46B3-B975-38FC6A18E1BB}.Release|Any CPU.Build.0 = Release|Any CPU
		{EEA58F16-E172-48C5-8CEE-C012CC958B30}.Debug|Any CPU.ActiveCfg = Debug|Any CPU
		{EEA58F16-E172-48C5-8CEE-C012CC958B30}.Debug|Any CPU.Build.0 = Debug|Any CPU
		{EEA58F16-E172-48C5-8CEE-C012CC958B30}.Release|Any CPU.ActiveCfg = Release|Any CPU
		{EEA58F16-E172-48C5-8CEE-C012CC958B30}.Release|Any CPU.Build.0 = Release|Any CPU
		{480138A1-9A65-44E2-9D1D-2282692496D3}.Debug|Any CPU.ActiveCfg = Debug|Any CPU
		{480138A1-9A65-44E2-9D1D-2282692496D3}.Debug|Any CPU.Build.0 = Debug|Any CPU
		{480138A1-9A65-44E2-9D1D-2282692496D3}.Release|Any CPU.ActiveCfg = Release|Any CPU
		{480138A1-9A65-44E2-9D1D-2282692496D3}.Release|Any CPU.Build.0 = Release|Any CPU
		{1873F8B4-09AB-448F-81DF-CED559AA06C7}.Debug|Any CPU.ActiveCfg = Debug|Any CPU
		{1873F8B4-09AB-448F-81DF-CED559AA06C7}.Debug|Any CPU.Build.0 = Debug|Any CPU
		{1873F8B4-09AB-448F-81DF-CED559AA06C7}.Release|Any CPU.ActiveCfg = Release|Any CPU
		{1873F8B4-09AB-448F-81DF-CED559AA06C7}.Release|Any CPU.Build.0 = Release|Any CPU
		{69253435-87F2-45CA-B62C-B49F63BD7F90}.Debug|Any CPU.ActiveCfg = Debug|Any CPU
		{69253435-87F2-45CA-B62C-B49F63BD7F90}.Debug|Any CPU.Build.0 = Debug|Any CPU
		{69253435-87F2-45CA-B62C-B49F63BD7F90}.Release|Any CPU.ActiveCfg = Release|Any CPU
		{69253435-87F2-45CA-B62C-B49F63BD7F90}.Release|Any CPU.Build.0 = Release|Any CPU
		{DAD81BB2-97FB-4ED3-A414-33699CE3DA8A}.Debug|Any CPU.ActiveCfg = Debug|Any CPU
		{DAD81BB2-97FB-4ED3-A414-33699CE3DA8A}.Debug|Any CPU.Build.0 = Debug|Any CPU
		{DAD81BB2-97FB-4ED3-A414-33699CE3DA8A}.Release|Any CPU.ActiveCfg = Release|Any CPU
		{DAD81BB2-97FB-4ED3-A414-33699CE3DA8A}.Release|Any CPU.Build.0 = Release|Any CPU
		{727E5BCD-F05B-48CD-AEBD-7CEBC591E438}.Debug|Any CPU.ActiveCfg = Debug|Any CPU
		{727E5BCD-F05B-48CD-AEBD-7CEBC591E438}.Debug|Any CPU.Build.0 = Debug|Any CPU
		{727E5BCD-F05B-48CD-AEBD-7CEBC591E438}.Release|Any CPU.ActiveCfg = Release|Any CPU
		{727E5BCD-F05B-48CD-AEBD-7CEBC591E438}.Release|Any CPU.Build.0 = Release|Any CPU
		{1720393A-DA1B-4FBE-A1AB-1B4F919C5DF2}.Debug|Any CPU.ActiveCfg = Debug|Any CPU
		{1720393A-DA1B-4FBE-A1AB-1B4F919C5DF2}.Debug|Any CPU.Build.0 = Debug|Any CPU
		{1720393A-DA1B-4FBE-A1AB-1B4F919C5DF2}.Release|Any CPU.ActiveCfg = Release|Any CPU
		{1720393A-DA1B-4FBE-A1AB-1B4F919C5DF2}.Release|Any CPU.Build.0 = Release|Any CPU
		{3C97FC43-4BCF-4526-AE06-3E8BAAFE32A8}.Debug|Any CPU.ActiveCfg = Debug|Any CPU
		{3C97FC43-4BCF-4526-AE06-3E8BAAFE32A8}.Debug|Any CPU.Build.0 = Debug|Any CPU
		{3C97FC43-4BCF-4526-AE06-3E8BAAFE32A8}.Release|Any CPU.ActiveCfg = Release|Any CPU
		{3C97FC43-4BCF-4526-AE06-3E8BAAFE32A8}.Release|Any CPU.Build.0 = Release|Any CPU
		{B04D6528-769E-4740-8326-B6F6DA4B1755}.Debug|Any CPU.ActiveCfg = Debug|Any CPU
		{B04D6528-769E-4740-8326-B6F6DA4B1755}.Debug|Any CPU.Build.0 = Debug|Any CPU
		{B04D6528-769E-4740-8326-B6F6DA4B1755}.Release|Any CPU.ActiveCfg = Release|Any CPU
		{B04D6528-769E-4740-8326-B6F6DA4B1755}.Release|Any CPU.Build.0 = Release|Any CPU
		{688B5052-6DB4-4E6D-9D8C-621D4C4675DF}.Debug|Any CPU.ActiveCfg = Debug|Any CPU
		{688B5052-6DB4-4E6D-9D8C-621D4C4675DF}.Debug|Any CPU.Build.0 = Debug|Any CPU
		{688B5052-6DB4-4E6D-9D8C-621D4C4675DF}.Release|Any CPU.ActiveCfg = Release|Any CPU
		{688B5052-6DB4-4E6D-9D8C-621D4C4675DF}.Release|Any CPU.Build.0 = Release|Any CPU
		{AB46FCA3-4D2F-47A3-94D0-6969A8858435}.Debug|Any CPU.ActiveCfg = Debug|Any CPU
		{AB46FCA3-4D2F-47A3-94D0-6969A8858435}.Debug|Any CPU.Build.0 = Debug|Any CPU
		{AB46FCA3-4D2F-47A3-94D0-6969A8858435}.Release|Any CPU.ActiveCfg = Release|Any CPU
		{AB46FCA3-4D2F-47A3-94D0-6969A8858435}.Release|Any CPU.Build.0 = Release|Any CPU
		{B988B54F-A297-4CFF-B57F-FD34A8DA4DFE}.Debug|Any CPU.ActiveCfg = Debug|Any CPU
		{B988B54F-A297-4CFF-B57F-FD34A8DA4DFE}.Debug|Any CPU.Build.0 = Debug|Any CPU
		{B988B54F-A297-4CFF-B57F-FD34A8DA4DFE}.Release|Any CPU.ActiveCfg = Release|Any CPU
		{B988B54F-A297-4CFF-B57F-FD34A8DA4DFE}.Release|Any CPU.Build.0 = Release|Any CPU
	EndGlobalSection
	GlobalSection(SolutionProperties) = preSolution
		HideSolutionNode = FALSE
	EndGlobalSection
	GlobalSection(NestedProjects) = preSolution
		{2FD89E72-7B96-44D2-934F-8F0BF5B2E96E} = {1BB944C9-68E3-4F02-BDC0-5A4C7571308D}
		{E734D409-DAF4-4EFA-90E2-AFF28E814C26} = {1BB944C9-68E3-4F02-BDC0-5A4C7571308D}
		{904995DD-2CB2-4E1C-A07F-6CF45143360F} = {9BD97A2C-C82E-4BBB-8BF5-E82C5821EDD7}
		{7163CC8F-965D-469B-AE49-151395AA5A97} = {DE3E6345-7953-4405-859B-C295CD2F125E}
		{21180674-E6FD-4644-8EC3-E3AAAAFD412D} = {904995DD-2CB2-4E1C-A07F-6CF45143360F}
		{648FCEFD-873D-46B3-B975-38FC6A18E1BB} = {904995DD-2CB2-4E1C-A07F-6CF45143360F}
		{A24DBD3E-0A62-44D8-9074-687C8DA51809} = {9BD97A2C-C82E-4BBB-8BF5-E82C5821EDD7}
		{EEA58F16-E172-48C5-8CEE-C012CC958B30} = {8F1543B1-3B64-41CB-832E-B1B806E2F08B}
		{480138A1-9A65-44E2-9D1D-2282692496D3} = {BB3F62D4-55F4-4D74-85D5-970FC868B325}
		{942950A7-BE00-4F7B-9FD7-26C4F9E8DBA5} = {9BD97A2C-C82E-4BBB-8BF5-E82C5821EDD7}
		{92880144-93A9-42A9-9185-93A34EC50920} = {9429A92D-049E-44BF-A91C-329F6E16B0F6}
		{1873F8B4-09AB-448F-81DF-CED559AA06C7} = {942950A7-BE00-4F7B-9FD7-26C4F9E8DBA5}
		{69253435-87F2-45CA-B62C-B49F63BD7F90} = {942950A7-BE00-4F7B-9FD7-26C4F9E8DBA5}
		{8F1543B1-3B64-41CB-832E-B1B806E2F08B} = {9429A92D-049E-44BF-A91C-329F6E16B0F6}
		{DE3E6345-7953-4405-859B-C295CD2F125E} = {9429A92D-049E-44BF-A91C-329F6E16B0F6}
		{DAD81BB2-97FB-4ED3-A414-33699CE3DA8A} = {92880144-93A9-42A9-9185-93A34EC50920}
		{727E5BCD-F05B-48CD-AEBD-7CEBC591E438} = {EC2BB70A-964E-4C1A-A2AF-E338978F2231}
		{EC2BB70A-964E-4C1A-A2AF-E338978F2231} = {BB3F62D4-55F4-4D74-85D5-970FC868B325}
		{BB3F62D4-55F4-4D74-85D5-970FC868B325} = {A24DBD3E-0A62-44D8-9074-687C8DA51809}
		{1720393A-DA1B-4FBE-A1AB-1B4F919C5DF2} = {BB3F62D4-55F4-4D74-85D5-970FC868B325}
		{3C97FC43-4BCF-4526-AE06-3E8BAAFE32A8} = {942950A7-BE00-4F7B-9FD7-26C4F9E8DBA5}
		{B04D6528-769E-4740-8326-B6F6DA4B1755} = {1BB944C9-68E3-4F02-BDC0-5A4C7571308D}
		{9DF492E6-4A77-4DE6-99B4-4E01DBE49F9D} = {9BD97A2C-C82E-4BBB-8BF5-E82C5821EDD7}
		{ED5C119A-64D4-4BD8-9183-63C270B944D4} = {9DF492E6-4A77-4DE6-99B4-4E01DBE49F9D}
		{688B5052-6DB4-4E6D-9D8C-621D4C4675DF} = {ED5C119A-64D4-4BD8-9183-63C270B944D4}
		{AB46FCA3-4D2F-47A3-94D0-6969A8858435} = {BE4674EF-7690-4645-A5BF-A0615508C0ED}
		{A57CAEA2-0E8A-47B5-B356-DF681CA553F3} = {9429A92D-049E-44BF-A91C-329F6E16B0F6}
		{BE4674EF-7690-4645-A5BF-A0615508C0ED} = {A57CAEA2-0E8A-47B5-B356-DF681CA553F3}
		{B988B54F-A297-4CFF-B57F-FD34A8DA4DFE} = {ED5C119A-64D4-4BD8-9183-63C270B944D4}
	EndGlobalSection
	GlobalSection(ExtensibilityGlobals) = postSolution
		SolutionGuid = {E7B78B5E-8DE2-4C73-8F18-FA540EDE69D7}
	EndGlobalSection
EndGlobal
