
Microsoft Visual Studio Solution File, Format Version 12.00
# Visual Studio Version 17
VisualStudioVersion = 17.5.33627.172
MinimumVisualStudioVersion = 10.0.40219.1
Project("{2150E333-8FDC-42A3-9474-1A3956D46DE8}") = "FRONT", "FRONT", "{9BD97A2C-C82E-4BBB-8BF5-E82C5821EDD7}"
EndProject
Project("{2150E333-8FDC-42A3-9474-1A3956D46DE8}") = "MENU", "MENU", "{1BB944C9-68E3-4F02-BDC0-5A4C7571308D}"
EndProject
Project("{9A19103F-16F7-4668-BE54-9A1E7A4F7556}") = "BlazorClientHelper", "Menu\BlazorClientHelper\BlazorClientHelper.csproj", "{2FD89E72-7B96-44D2-934F-8F0BF5B2E96E}"
EndProject
Project("{9A19103F-16F7-4668-BE54-9A1E7A4F7556}") = "BlazorMenu", "Menu\BlazorMenu\BlazorMenu.csproj", "{4B2085F9-C333-4E98-A1E6-0888172C9267}"
EndProject
Project("{778DAE3C-4631-46EA-AA77-85C1314464D9}") = "BlazorMenuCommon", "Menu\BlazorMenuCommon\BlazorMenuCommon.vbproj", "{E734D409-DAF4-4EFA-90E2-AFF28E814C26}"
EndProject
Project("{2150E333-8FDC-42A3-9474-1A3956D46DE8}") = "GSM06500", "GSM06500", "{904995DD-2CB2-4E1C-A07F-6CF45143360F}"
EndProject
Project("{9A19103F-16F7-4668-BE54-9A1E7A4F7556}") = "GSM06500Common", "COMMON\GS\GSM06500Common\GSM06500Common.csproj", "{7163CC8F-965D-469B-AE49-151395AA5A97}"
EndProject
Project("{9A19103F-16F7-4668-BE54-9A1E7A4F7556}") = "GSM06500Model", "FRONT\GSM06500Model\GSM06500Model.csproj", "{21180674-E6FD-4644-8EC3-E3AAAAFD412D}"
EndProject
Project("{9A19103F-16F7-4668-BE54-9A1E7A4F7556}") = "GSM06500Front", "FRONT\GSM06500Front\GSM06500Front.csproj", "{648FCEFD-873D-46B3-B975-38FC6A18E1BB}"
EndProject
Global
	GlobalSection(SolutionConfigurationPlatforms) = preSolution
		Debug|Any CPU = Debug|Any CPU
		Release|Any CPU = Release|Any CPU
	EndGlobalSection
	GlobalSection(ProjectConfigurationPlatforms) = postSolution
		{2FD89E72-7B96-44D2-934F-8F0BF5B2E96E}.Debug|Any CPU.ActiveCfg = Debug|Any CPU
		{2FD89E72-7B96-44D2-934F-8F0BF5B2E96E}.Debug|Any CPU.Build.0 = Debug|Any CPU
		{2FD89E72-7B96-44D2-934F-8F0BF5B2E96E}.Release|Any CPU.ActiveCfg = Release|Any CPU
		{2FD89E72-7B96-44D2-934F-8F0BF5B2E96E}.Release|Any CPU.Build.0 = Release|Any CPU
		{4B2085F9-C333-4E98-A1E6-0888172C9267}.Debug|Any CPU.ActiveCfg = Debug|Any CPU
		{4B2085F9-C333-4E98-A1E6-0888172C9267}.Debug|Any CPU.Build.0 = Debug|Any CPU
		{4B2085F9-C333-4E98-A1E6-0888172C9267}.Release|Any CPU.ActiveCfg = Release|Any CPU
		{4B2085F9-C333-4E98-A1E6-0888172C9267}.Release|Any CPU.Build.0 = Release|Any CPU
		{E734D409-DAF4-4EFA-90E2-AFF28E814C26}.Debug|Any CPU.ActiveCfg = Debug|Any CPU
		{E734D409-DAF4-4EFA-90E2-AFF28E814C26}.Debug|Any CPU.Build.0 = Debug|Any CPU
		{E734D409-DAF4-4EFA-90E2-AFF28E814C26}.Release|Any CPU.ActiveCfg = Release|Any CPU
		{E734D409-DAF4-4EFA-90E2-AFF28E814C26}.Release|Any CPU.Build.0 = Release|Any CPU
		{7163CC8F-965D-469B-AE49-151395AA5A97}.Debug|Any CPU.ActiveCfg = Debug|Any CPU
		{7163CC8F-965D-469B-AE49-151395AA5A97}.Debug|Any CPU.Build.0 = Debug|Any CPU
		{7163CC8F-965D-469B-AE49-151395AA5A97}.Release|Any CPU.ActiveCfg = Release|Any CPU
		{7163CC8F-965D-469B-AE49-151395AA5A97}.Release|Any CPU.Build.0 = Release|Any CPU
		{21180674-E6FD-4644-8EC3-E3AAAAFD412D}.Debug|Any CPU.ActiveCfg = Debug|Any CPU
		{21180674-E6FD-4644-8EC3-E3AAAAFD412D}.Debug|Any CPU.Build.0 = Debug|Any CPU
		{21180674-E6FD-4644-8EC3-E3AAAAFD412D}.Release|Any CPU.ActiveCfg = Release|Any CPU
		{21180674-E6FD-4644-8EC3-E3AAAAFD412D}.Release|Any CPU.Build.0 = Release|Any CPU
		{648FCEFD-873D-46B3-B975-38FC6A18E1BB}.Debug|Any CPU.ActiveCfg = Debug|Any CPU
		{648FCEFD-873D-46B3-B975-38FC6A18E1BB}.Debug|Any CPU.Build.0 = Debug|Any CPU
		{648FCEFD-873D-46B3-B975-38FC6A18E1BB}.Release|Any CPU.ActiveCfg = Release|Any CPU
		{648FCEFD-873D-46B3-B975-38FC6A18E1BB}.Release|Any CPU.Build.0 = Release|Any CPU
	EndGlobalSection
	GlobalSection(SolutionProperties) = preSolution
		HideSolutionNode = FALSE
	EndGlobalSection
	GlobalSection(NestedProjects) = preSolution
		{2FD89E72-7B96-44D2-934F-8F0BF5B2E96E} = {1BB944C9-68E3-4F02-BDC0-5A4C7571308D}
		{4B2085F9-C333-4E98-A1E6-0888172C9267} = {1BB944C9-68E3-4F02-BDC0-5A4C7571308D}
		{E734D409-DAF4-4EFA-90E2-AFF28E814C26} = {1BB944C9-68E3-4F02-BDC0-5A4C7571308D}
		{904995DD-2CB2-4E1C-A07F-6CF45143360F} = {9BD97A2C-C82E-4BBB-8BF5-E82C5821EDD7}
		{7163CC8F-965D-469B-AE49-151395AA5A97} = {904995DD-2CB2-4E1C-A07F-6CF45143360F}
		{21180674-E6FD-4644-8EC3-E3AAAAFD412D} = {904995DD-2CB2-4E1C-A07F-6CF45143360F}
		{648FCEFD-873D-46B3-B975-38FC6A18E1BB} = {904995DD-2CB2-4E1C-A07F-6CF45143360F}
	EndGlobalSection
	GlobalSection(ExtensibilityGlobals) = postSolution
		SolutionGuid = {E7B78B5E-8DE2-4C73-8F18-FA540EDE69D7}
	EndGlobalSection
EndGlobal
